
Microsoft Visual Studio Solution File, Format Version 12.00
# Visual Studio Version 17
VisualStudioVersion = 17.14.36623.8 d17.14
MinimumVisualStudioVersion = 10.0.40219.1
Project("{FAE04EC0-301F-11D3-BF4B-00C04F79EFBC}") = "WindowsFormsApp1", "WindowsFormsApp1\WindowsFormsApp1.csproj", "{432FAB7E-9573-4521-B56E-0BC5D004F01F}"
EndProject
Global
	GlobalSection(SolutionConfigurationPlatforms) = preSolution
		Debug|Any CPU = Debug|Any CPU
		Release|Any CPU = Release|Any CPU
	EndGlobalSection
	GlobalSection(ProjectConfigurationPlatforms) = postSolution
		{432FAB7E-9573-4521-B56E-0BC5D004F01F}.Debug|Any CPU.ActiveCfg = Debug|Any CPU
		{432FAB7E-9573-4521-B56E-0BC5D004F01F}.Debug|Any CPU.Build.0 = Debug|Any CPU
		{432FAB7E-9573-4521-B56E-0BC5D004F01F}.Release|Any CPU.ActiveCfg = Release|Any CPU
		{432FAB7E-9573-4521-B56E-0BC5D004F01F}.Release|Any CPU.Build.0 = Release|Any CPU
	EndGlobalSection
	GlobalSection(SolutionProperties) = preSolution
		HideSolutionNode = FALSE
	EndGlobalSection
	GlobalSection(ExtensibilityGlobals) = postSolution
		SolutionGuid = {DAEE12CD-6ED9-490C-9022-FF4030112A72}
	EndGlobalSection
EndGlobal
